
Microsoft Visual Studio Solution File, Format Version 12.00
# Visual Studio 15
VisualStudioVersion = 15.0.28307.489
MinimumVisualStudioVersion = 10.0.40219.1
Project("{FAE04EC0-301F-11D3-BF4B-00C04F79EFBC}") = "barCode", "barCode\barCode.csproj", "{935F3EC4-F974-43B6-880D-DAAC556DBFEB}"
EndProject
Global
	GlobalSection(SolutionConfigurationPlatforms) = preSolution
		Debug|Any CPU = Debug|Any CPU
		Release|Any CPU = Release|Any CPU
	EndGlobalSection
	GlobalSection(ProjectConfigurationPlatforms) = postSolution
		{935F3EC4-F974-43B6-880D-DAAC556DBFEB}.Debug|Any CPU.ActiveCfg = Debug|Any CPU
		{935F3EC4-F974-43B6-880D-DAAC556DBFEB}.Debug|Any CPU.Build.0 = Debug|Any CPU
		{935F3EC4-F974-43B6-880D-DAAC556DBFEB}.Release|Any CPU.ActiveCfg = Release|Any CPU
		{935F3EC4-F974-43B6-880D-DAAC556DBFEB}.Release|Any CPU.Build.0 = Release|Any CPU
	EndGlobalSection
	GlobalSection(SolutionProperties) = preSolution
		HideSolutionNode = FALSE
	EndGlobalSection
	GlobalSection(ExtensibilityGlobals) = postSolution
		SolutionGuid = {F056670A-32F2-4936-A54B-7E1D14E611E2}
	EndGlobalSection
EndGlobal
